// !$*UTF8*$!
{
	archiveVersion = 1;
	classes = {
	};
	objectVersion = 50;
	objects = {

/* Begin PBXBuildFile section */
		222F145727466CA400DF8D4A /* ViewController.storyboard in Resources */ = {isa = PBXBuildFile; fileRef = 222F145627466CA400DF8D4A /* ViewController.storyboard */; };
		222F145927466CE600DF8D4A /* AppDelegate.swift in Sources */ = {isa = PBXBuildFile; fileRef = 222F145827466CE600DF8D4A /* AppDelegate.swift */; };
		222F145B27466D1100DF8D4A /* SceneDelegate.swift in Sources */ = {isa = PBXBuildFile; fileRef = 222F145A27466D1100DF8D4A /* SceneDelegate.swift */; };
		222F145F27466DFB00DF8D4A /* ViewController.swift in Sources */ = {isa = PBXBuildFile; fileRef = 222F145E27466DFB00DF8D4A /* ViewController.swift */; };
		939375E9E3BF4E356CEC4150 /* libPods-iosApp.a in Frameworks */ = {isa = PBXBuildFile; fileRef = A5F9E5F394A4F5FC72EE0EEF /* libPods-iosApp.a */; };
		D042FF67274F91220023D338 /* PresentationController.swift in Sources */ = {isa = PBXBuildFile; fileRef = D042FF66274F91220023D338 /* PresentationController.swift */; };
		D042FF69274F95510023D338 /* OverlayView.xib in Resources */ = {isa = PBXBuildFile; fileRef = D042FF68274F95510023D338 /* OverlayView.xib */; };
		D042FF6D274F98880023D338 /* OverlayView.swift in Sources */ = {isa = PBXBuildFile; fileRef = D042FF6C274F98880023D338 /* OverlayView.swift */; };
		D042FF6F274F9AFD0023D338 /* sviaz.jpg in Resources */ = {isa = PBXBuildFile; fileRef = D042FF6E274F9AFD0023D338 /* sviaz.jpg */; };
		D042FF71275230400023D338 /* RefreshView.swift in Sources */ = {isa = PBXBuildFile; fileRef = D042FF70275230400023D338 /* RefreshView.swift */; };
		D042FF762758EC8C0023D338 /* CurrentLocationView.swift in Sources */ = {isa = PBXBuildFile; fileRef = D042FF752758EC8C0023D338 /* CurrentLocationView.swift */; };
		D04EF387275A3907005C9C9D /* MapViewController.swift in Sources */ = {isa = PBXBuildFile; fileRef = D04EF386275A3907005C9C9D /* MapViewController.swift */; };
		D04EF389275A39C1005C9C9D /* CityAnnotation.swift in Sources */ = {isa = PBXBuildFile; fileRef = D04EF388275A39C1005C9C9D /* CityAnnotation.swift */; };
		D04EF393275A51B3005C9C9D /* SettingsViewController.swift in Sources */ = {isa = PBXBuildFile; fileRef = D04EF392275A51B3005C9C9D /* SettingsViewController.swift */; };
		D04EF396275A588F005C9C9D /* HiddenState.swift in Sources */ = {isa = PBXBuildFile; fileRef = D04EF395275A588F005C9C9D /* HiddenState.swift */; };
		D04EF398275A5A9D005C9C9D /* LocationManager.swift in Sources */ = {isa = PBXBuildFile; fileRef = D04EF397275A5A9D005C9C9D /* LocationManager.swift */; };
		D04EF39B275AAB19005C9C9D /* Localizable.strings in Resources */ = {isa = PBXBuildFile; fileRef = D04EF39D275AAB19005C9C9D /* Localizable.strings */; };
		D04EF3A0275AAB3F005C9C9D /* LocalizationService.swift in Sources */ = {isa = PBXBuildFile; fileRef = D04EF39F275AAB3F005C9C9D /* LocalizationService.swift */; };
		D04EF3A3275AAB61005C9C9D /* Language.swift in Sources */ = {isa = PBXBuildFile; fileRef = D04EF3A2275AAB61005C9C9D /* Language.swift */; };
		D04EF3A5275AACF8005C9C9D /* String+Extension.swift in Sources */ = {isa = PBXBuildFile; fileRef = D04EF3A4275AACF8005C9C9D /* String+Extension.swift */; };
		D04EF3A8275AB314005C9C9D /* MainTabBarController.swift in Sources */ = {isa = PBXBuildFile; fileRef = D04EF3A7275AB314005C9C9D /* MainTabBarController.swift */; };
		D053EA672747A10500D6FA29 /* CityCell.swift in Sources */ = {isa = PBXBuildFile; fileRef = D053EA652747A10500D6FA29 /* CityCell.swift */; };
		D053EA682747A10500D6FA29 /* CityCell.xib in Resources */ = {isa = PBXBuildFile; fileRef = D053EA662747A10500D6FA29 /* CityCell.xib */; };
		D053EA6D2747E3AB00D6FA29 /* DetailViewController.swift in Sources */ = {isa = PBXBuildFile; fileRef = D053EA6C2747E3AB00D6FA29 /* DetailViewController.swift */; };
		D053EA77274BA15F00D6FA29 /* Date+Extension.swift in Sources */ = {isa = PBXBuildFile; fileRef = D053EA76274BA15F00D6FA29 /* Date+Extension.swift */; };
		D053EA7A274D40C100D6FA29 /* Emojis.swift in Sources */ = {isa = PBXBuildFile; fileRef = D053EA79274D40C100D6FA29 /* Emojis.swift */; };
/* End PBXBuildFile section */

/* Begin PBXFileReference section */
		222F145627466CA400DF8D4A /* ViewController.storyboard */ = {isa = PBXFileReference; lastKnownFileType = file.storyboard; path = ViewController.storyboard; sourceTree = "<group>"; };
		222F145827466CE600DF8D4A /* AppDelegate.swift */ = {isa = PBXFileReference; lastKnownFileType = sourcecode.swift; path = AppDelegate.swift; sourceTree = "<group>"; };
		222F145A27466D1100DF8D4A /* SceneDelegate.swift */ = {isa = PBXFileReference; lastKnownFileType = sourcecode.swift; path = SceneDelegate.swift; sourceTree = "<group>"; };
		222F145E27466DFB00DF8D4A /* ViewController.swift */ = {isa = PBXFileReference; lastKnownFileType = sourcecode.swift; path = ViewController.swift; sourceTree = "<group>"; };
		7555FF7B242A565900829871 /* iosApp.app */ = {isa = PBXFileReference; explicitFileType = wrapper.application; includeInIndex = 0; path = iosApp.app; sourceTree = BUILT_PRODUCTS_DIR; };
		7555FF8C242A565B00829871 /* Info.plist */ = {isa = PBXFileReference; lastKnownFileType = text.plist.xml; path = Info.plist; sourceTree = "<group>"; };
		975469901181E61DA855F4A8 /* Pods-iosApp.release.xcconfig */ = {isa = PBXFileReference; includeInIndex = 1; lastKnownFileType = text.xcconfig; name = "Pods-iosApp.release.xcconfig"; path = "Target Support Files/Pods-iosApp/Pods-iosApp.release.xcconfig"; sourceTree = "<group>"; };
		A5F9E5F394A4F5FC72EE0EEF /* libPods-iosApp.a */ = {isa = PBXFileReference; explicitFileType = archive.ar; includeInIndex = 0; path = "libPods-iosApp.a"; sourceTree = BUILT_PRODUCTS_DIR; };
		BE5FD14B374614B8C85BE015 /* Pods-iosApp.debug.xcconfig */ = {isa = PBXFileReference; includeInIndex = 1; lastKnownFileType = text.xcconfig; name = "Pods-iosApp.debug.xcconfig"; path = "Target Support Files/Pods-iosApp/Pods-iosApp.debug.xcconfig"; sourceTree = "<group>"; };
		D042FF66274F91220023D338 /* PresentationController.swift */ = {isa = PBXFileReference; lastKnownFileType = sourcecode.swift; path = PresentationController.swift; sourceTree = "<group>"; };
		D042FF68274F95510023D338 /* OverlayView.xib */ = {isa = PBXFileReference; lastKnownFileType = file.xib; path = OverlayView.xib; sourceTree = "<group>"; };
		D042FF6C274F98880023D338 /* OverlayView.swift */ = {isa = PBXFileReference; lastKnownFileType = sourcecode.swift; path = OverlayView.swift; sourceTree = "<group>"; };
		D042FF6E274F9AFD0023D338 /* sviaz.jpg */ = {isa = PBXFileReference; lastKnownFileType = image.jpeg; path = sviaz.jpg; sourceTree = "<group>"; };
		D042FF70275230400023D338 /* RefreshView.swift */ = {isa = PBXFileReference; lastKnownFileType = sourcecode.swift; path = RefreshView.swift; sourceTree = "<group>"; };
		D042FF752758EC8C0023D338 /* CurrentLocationView.swift */ = {isa = PBXFileReference; lastKnownFileType = sourcecode.swift; path = CurrentLocationView.swift; sourceTree = "<group>"; };
		D04EF386275A3907005C9C9D /* MapViewController.swift */ = {isa = PBXFileReference; lastKnownFileType = sourcecode.swift; path = MapViewController.swift; sourceTree = "<group>"; };
		D04EF388275A39C1005C9C9D /* CityAnnotation.swift */ = {isa = PBXFileReference; lastKnownFileType = sourcecode.swift; path = CityAnnotation.swift; sourceTree = "<group>"; };
		D04EF392275A51B3005C9C9D /* SettingsViewController.swift */ = {isa = PBXFileReference; lastKnownFileType = sourcecode.swift; path = SettingsViewController.swift; sourceTree = "<group>"; };
		D04EF395275A588F005C9C9D /* HiddenState.swift */ = {isa = PBXFileReference; lastKnownFileType = sourcecode.swift; path = HiddenState.swift; sourceTree = "<group>"; };
		D04EF397275A5A9D005C9C9D /* LocationManager.swift */ = {isa = PBXFileReference; lastKnownFileType = sourcecode.swift; path = LocationManager.swift; sourceTree = "<group>"; };
		D04EF39C275AAB19005C9C9D /* en */ = {isa = PBXFileReference; lastKnownFileType = text.plist.strings; name = en; path = en.lproj/Localizable.strings; sourceTree = "<group>"; };
		D04EF39E275AAB1C005C9C9D /* ru */ = {isa = PBXFileReference; lastKnownFileType = text.plist.strings; name = ru; path = ru.lproj/Localizable.strings; sourceTree = "<group>"; };
		D04EF39F275AAB3F005C9C9D /* LocalizationService.swift */ = {isa = PBXFileReference; lastKnownFileType = sourcecode.swift; path = LocalizationService.swift; sourceTree = "<group>"; };
		D04EF3A2275AAB61005C9C9D /* Language.swift */ = {isa = PBXFileReference; lastKnownFileType = sourcecode.swift; path = Language.swift; sourceTree = "<group>"; };
		D04EF3A4275AACF8005C9C9D /* String+Extension.swift */ = {isa = PBXFileReference; lastKnownFileType = sourcecode.swift; path = "String+Extension.swift"; sourceTree = "<group>"; };
		D04EF3A7275AB314005C9C9D /* MainTabBarController.swift */ = {isa = PBXFileReference; lastKnownFileType = sourcecode.swift; path = MainTabBarController.swift; sourceTree = "<group>"; };
		D053EA652747A10500D6FA29 /* CityCell.swift */ = {isa = PBXFileReference; lastKnownFileType = sourcecode.swift; path = CityCell.swift; sourceTree = "<group>"; };
		D053EA662747A10500D6FA29 /* CityCell.xib */ = {isa = PBXFileReference; lastKnownFileType = file.xib; path = CityCell.xib; sourceTree = "<group>"; };
		D053EA6C2747E3AB00D6FA29 /* DetailViewController.swift */ = {isa = PBXFileReference; lastKnownFileType = sourcecode.swift; path = DetailViewController.swift; sourceTree = "<group>"; };
		D053EA76274BA15F00D6FA29 /* Date+Extension.swift */ = {isa = PBXFileReference; lastKnownFileType = sourcecode.swift; path = "Date+Extension.swift"; sourceTree = "<group>"; };
		D053EA79274D40C100D6FA29 /* Emojis.swift */ = {isa = PBXFileReference; lastKnownFileType = sourcecode.swift; path = Emojis.swift; sourceTree = "<group>"; };
/* End PBXFileReference section */

/* Begin PBXFrameworksBuildPhase section */
		C450D0D8B4A688D030136063 /* Frameworks */ = {
			isa = PBXFrameworksBuildPhase;
			buildActionMask = 2147483647;
			files = (
				939375E9E3BF4E356CEC4150 /* libPods-iosApp.a in Frameworks */,
			);
			runOnlyForDeploymentPostprocessing = 0;
		};
/* End PBXFrameworksBuildPhase section */

/* Begin PBXGroup section */
		188E3FAE3BD54208A3330F2E /* Pods */ = {
			isa = PBXGroup;
			children = (
				BE5FD14B374614B8C85BE015 /* Pods-iosApp.debug.xcconfig */,
				975469901181E61DA855F4A8 /* Pods-iosApp.release.xcconfig */,
			);
			path = Pods;
			sourceTree = "<group>";
		};
		7555FF72242A565900829871 = {
			isa = PBXGroup;
			children = (
				7555FF7D242A565900829871 /* iosApp */,
				7555FF7C242A565900829871 /* Products */,
				188E3FAE3BD54208A3330F2E /* Pods */,
				77A4022C7B95729DD90796A1 /* Frameworks */,
			);
			sourceTree = "<group>";
		};
		7555FF7C242A565900829871 /* Products */ = {
			isa = PBXGroup;
			children = (
				7555FF7B242A565900829871 /* iosApp.app */,
			);
			name = Products;
			sourceTree = "<group>";
		};
		7555FF7D242A565900829871 /* iosApp */ = {
			isa = PBXGroup;
			children = (
				7555FF8C242A565B00829871 /* Info.plist */,
				D04EF39D275AAB19005C9C9D /* Localizable.strings */,
				D042FF6E274F9AFD0023D338 /* sviaz.jpg */,
				222F145627466CA400DF8D4A /* ViewController.storyboard */,
				222F145827466CE600DF8D4A /* AppDelegate.swift */,
				222F145A27466D1100DF8D4A /* SceneDelegate.swift */,
				D04EF3A1275AAB52005C9C9D /* Enums */,
				D042FF722754BAD30023D338 /* Srvices */,
				D053EA78274D409D00D6FA29 /* Constants */,
				D053EA75274BA14D00D6FA29 /* Extensions */,
				D053EA6227479CF500D6FA29 /* Scenes */,
			);
			path = iosApp;
			sourceTree = "<group>";
		};
		77A4022C7B95729DD90796A1 /* Frameworks */ = {
			isa = PBXGroup;
			children = (
				A5F9E5F394A4F5FC72EE0EEF /* libPods-iosApp.a */,
			);
			name = Frameworks;
			sourceTree = "<group>";
		};
		D042FF722754BAD30023D338 /* Srvices */ = {
			isa = PBXGroup;
			children = (
				D04EF395275A588F005C9C9D /* HiddenState.swift */,
				D04EF397275A5A9D005C9C9D /* LocationManager.swift */,
				D04EF39F275AAB3F005C9C9D /* LocalizationService.swift */,
			);
			path = Srvices;
			sourceTree = "<group>";
		};
		D04EF385275A3875005C9C9D /* Map */ = {
			isa = PBXGroup;
			children = (
				D04EF386275A3907005C9C9D /* MapViewController.swift */,
				D04EF388275A39C1005C9C9D /* CityAnnotation.swift */,
			);
			path = Map;
			sourceTree = "<group>";
		};
		D04EF391275A5192005C9C9D /* Settings */ = {
			isa = PBXGroup;
			children = (
				D04EF392275A51B3005C9C9D /* SettingsViewController.swift */,
			);
			path = Settings;
			sourceTree = "<group>";
		};
		D04EF394275A5332005C9C9D /* Helping Views */ = {
			isa = PBXGroup;
			children = (
				D042FF70275230400023D338 /* RefreshView.swift */,
				D042FF66274F91220023D338 /* PresentationController.swift */,
				D042FF68274F95510023D338 /* OverlayView.xib */,
				D042FF6C274F98880023D338 /* OverlayView.swift */,
				D042FF752758EC8C0023D338 /* CurrentLocationView.swift */,
			);
			path = "Helping Views";
			sourceTree = "<group>";
		};
		D04EF3A1275AAB52005C9C9D /* Enums */ = {
			isa = PBXGroup;
			children = (
				D04EF3A2275AAB61005C9C9D /* Language.swift */,
			);
			path = Enums;
			sourceTree = "<group>";
		};
		D04EF3A6275AB2FB005C9C9D /* TabBar */ = {
			isa = PBXGroup;
			children = (
				D04EF3A7275AB314005C9C9D /* MainTabBarController.swift */,
			);
			path = TabBar;
			sourceTree = "<group>";
		};
		D053EA6227479CF500D6FA29 /* Scenes */ = {
			isa = PBXGroup;
			children = (
				D04EF3A6275AB2FB005C9C9D /* TabBar */,
				D04EF391275A5192005C9C9D /* Settings */,
				D04EF385275A3875005C9C9D /* Map */,
				D053EA6B2747E39A00D6FA29 /* Detail */,
				D053EA6327479CFC00D6FA29 /* Main */,
			);
			path = Scenes;
			sourceTree = "<group>";
		};
		D053EA6327479CFC00D6FA29 /* Main */ = {
			isa = PBXGroup;
			children = (
				222F145E27466DFB00DF8D4A /* ViewController.swift */,
				D053EA642747A0E900D6FA29 /* Cell */,
				D04EF394275A5332005C9C9D /* Helping Views */,
			);
			path = Main;
			sourceTree = "<group>";
		};
		D053EA642747A0E900D6FA29 /* Cell */ = {
			isa = PBXGroup;
			children = (
				D053EA652747A10500D6FA29 /* CityCell.swift */,
				D053EA662747A10500D6FA29 /* CityCell.xib */,
			);
			path = Cell;
			sourceTree = "<group>";
		};
		D053EA6B2747E39A00D6FA29 /* Detail */ = {
			isa = PBXGroup;
			children = (
				D053EA6C2747E3AB00D6FA29 /* DetailViewController.swift */,
			);
			path = Detail;
			sourceTree = "<group>";
		};
		D053EA75274BA14D00D6FA29 /* Extensions */ = {
			isa = PBXGroup;
			children = (
				D053EA76274BA15F00D6FA29 /* Date+Extension.swift */,
				D04EF3A4275AACF8005C9C9D /* String+Extension.swift */,
			);
			path = Extensions;
			sourceTree = "<group>";
		};
		D053EA78274D409D00D6FA29 /* Constants */ = {
			isa = PBXGroup;
			children = (
				D053EA79274D40C100D6FA29 /* Emojis.swift */,
			);
			path = Constants;
			sourceTree = "<group>";
		};
/* End PBXGroup section */

/* Begin PBXNativeTarget section */
		7555FF7A242A565900829871 /* iosApp */ = {
			isa = PBXNativeTarget;
			buildConfigurationList = 7555FFA5242A565B00829871 /* Build configuration list for PBXNativeTarget "iosApp" */;
			buildPhases = (
				DE0F8E8DBA7A271321A5C5B7 /* [CP] Check Pods Manifest.lock */,
				7555FF77242A565900829871 /* Sources */,
				7555FF79242A565900829871 /* Resources */,
				C450D0D8B4A688D030136063 /* Frameworks */,
			);
			buildRules = (
			);
			dependencies = (
			);
			name = iosApp;
			productName = iosApp;
			productReference = 7555FF7B242A565900829871 /* iosApp.app */;
			productType = "com.apple.product-type.application";
		};
/* End PBXNativeTarget section */

/* Begin PBXProject section */
		7555FF73242A565900829871 /* Project object */ = {
			isa = PBXProject;
			attributes = {
				LastSwiftUpdateCheck = 1130;
				LastUpgradeCheck = 1130;
				ORGANIZATIONNAME = orgName;
				TargetAttributes = {
					7555FF7A242A565900829871 = {
						CreatedOnToolsVersion = 11.3.1;
						LastSwiftMigration = 1310;
					};
				};
			};
			buildConfigurationList = 7555FF76242A565900829871 /* Build configuration list for PBXProject "iosApp" */;
			compatibilityVersion = "Xcode 9.3";
			developmentRegion = en;
			hasScannedForEncodings = 0;
			knownRegions = (
				en,
				Base,
				ru,
			);
			mainGroup = 7555FF72242A565900829871;
			productRefGroup = 7555FF7C242A565900829871 /* Products */;
			projectDirPath = "";
			projectRoot = "";
			targets = (
				7555FF7A242A565900829871 /* iosApp */,
			);
		};
/* End PBXProject section */

/* Begin PBXResourcesBuildPhase section */
		7555FF79242A565900829871 /* Resources */ = {
			isa = PBXResourcesBuildPhase;
			buildActionMask = 2147483647;
			files = (
				D04EF39B275AAB19005C9C9D /* Localizable.strings in Resources */,
				D042FF6F274F9AFD0023D338 /* sviaz.jpg in Resources */,
				D053EA682747A10500D6FA29 /* CityCell.xib in Resources */,
				D042FF69274F95510023D338 /* OverlayView.xib in Resources */,
				222F145727466CA400DF8D4A /* ViewController.storyboard in Resources */,
			);
			runOnlyForDeploymentPostprocessing = 0;
		};
/* End PBXResourcesBuildPhase section */

/* Begin PBXShellScriptBuildPhase section */
		DE0F8E8DBA7A271321A5C5B7 /* [CP] Check Pods Manifest.lock */ = {
			isa = PBXShellScriptBuildPhase;
			buildActionMask = 2147483647;
			files = (
			);
			inputFileListPaths = (
			);
			inputPaths = (
				"${PODS_PODFILE_DIR_PATH}/Podfile.lock",
				"${PODS_ROOT}/Manifest.lock",
			);
			name = "[CP] Check Pods Manifest.lock";
			outputFileListPaths = (
			);
			outputPaths = (
				"$(DERIVED_FILE_DIR)/Pods-iosApp-checkManifestLockResult.txt",
			);
			runOnlyForDeploymentPostprocessing = 0;
			shellPath = /bin/sh;
			shellScript = "diff \"${PODS_PODFILE_DIR_PATH}/Podfile.lock\" \"${PODS_ROOT}/Manifest.lock\" > /dev/null\nif [ $? != 0 ] ; then\n    # print error to STDERR\n    echo \"error: The sandbox is not in sync with the Podfile.lock. Run 'pod install' or update your CocoaPods installation.\" >&2\n    exit 1\nfi\n# This output is used by Xcode 'outputs' to avoid re-running this script phase.\necho \"SUCCESS\" > \"${SCRIPT_OUTPUT_FILE_0}\"\n";
			showEnvVarsInLog = 0;
		};
/* End PBXShellScriptBuildPhase section */

/* Begin PBXSourcesBuildPhase section */
		7555FF77242A565900829871 /* Sources */ = {
			isa = PBXSourcesBuildPhase;
			buildActionMask = 2147483647;
			files = (
				D042FF6D274F98880023D338 /* OverlayView.swift in Sources */,
				D053EA7A274D40C100D6FA29 /* Emojis.swift in Sources */,
				D04EF3A8275AB314005C9C9D /* MainTabBarController.swift in Sources */,
				222F145F27466DFB00DF8D4A /* ViewController.swift in Sources */,
				D04EF3A5275AACF8005C9C9D /* String+Extension.swift in Sources */,
				D04EF3A3275AAB61005C9C9D /* Language.swift in Sources */,
				D042FF762758EC8C0023D338 /* CurrentLocationView.swift in Sources */,
				D04EF3A0275AAB3F005C9C9D /* LocalizationService.swift in Sources */,
				D04EF398275A5A9D005C9C9D /* LocationManager.swift in Sources */,
				222F145927466CE600DF8D4A /* AppDelegate.swift in Sources */,
				D04EF393275A51B3005C9C9D /* SettingsViewController.swift in Sources */,
				D04EF387275A3907005C9C9D /* MapViewController.swift in Sources */,
				D04EF389275A39C1005C9C9D /* CityAnnotation.swift in Sources */,
				D04EF396275A588F005C9C9D /* HiddenState.swift in Sources */,
				D053EA6D2747E3AB00D6FA29 /* DetailViewController.swift in Sources */,
				D053EA672747A10500D6FA29 /* CityCell.swift in Sources */,
				D042FF71275230400023D338 /* RefreshView.swift in Sources */,
				222F145B27466D1100DF8D4A /* SceneDelegate.swift in Sources */,
				D053EA77274BA15F00D6FA29 /* Date+Extension.swift in Sources */,
				D042FF67274F91220023D338 /* PresentationController.swift in Sources */,
			);
			runOnlyForDeploymentPostprocessing = 0;
		};
/* End PBXSourcesBuildPhase section */

/* Begin PBXVariantGroup section */
		D04EF39D275AAB19005C9C9D /* Localizable.strings */ = {
			isa = PBXVariantGroup;
			children = (
				D04EF39C275AAB19005C9C9D /* en */,
				D04EF39E275AAB1C005C9C9D /* ru */,
			);
			name = Localizable.strings;
			sourceTree = "<group>";
		};
/* End PBXVariantGroup section */

/* Begin XCBuildConfiguration section */
		7555FFA3242A565B00829871 /* Debug */ = {
			isa = XCBuildConfiguration;
			buildSettings = {
				ALWAYS_SEARCH_USER_PATHS = NO;
				CLANG_ANALYZER_NONNULL = YES;
				CLANG_ANALYZER_NUMBER_OBJECT_CONVERSION = YES_AGGRESSIVE;
				CLANG_CXX_LANGUAGE_STANDARD = "gnu++14";
				CLANG_CXX_LIBRARY = "libc++";
				CLANG_ENABLE_MODULES = YES;
				CLANG_ENABLE_OBJC_ARC = YES;
				CLANG_ENABLE_OBJC_WEAK = YES;
				CLANG_WARN_BLOCK_CAPTURE_AUTORELEASING = YES;
				CLANG_WARN_BOOL_CONVERSION = YES;
				CLANG_WARN_COMMA = YES;
				CLANG_WARN_CONSTANT_CONVERSION = YES;
				CLANG_WARN_DEPRECATED_OBJC_IMPLEMENTATIONS = YES;
				CLANG_WARN_DIRECT_OBJC_ISA_USAGE = YES_ERROR;
				CLANG_WARN_DOCUMENTATION_COMMENTS = YES;
				CLANG_WARN_EMPTY_BODY = YES;
				CLANG_WARN_ENUM_CONVERSION = YES;
				CLANG_WARN_INFINITE_RECURSION = YES;
				CLANG_WARN_INT_CONVERSION = YES;
				CLANG_WARN_NON_LITERAL_NULL_CONVERSION = YES;
				CLANG_WARN_OBJC_IMPLICIT_RETAIN_SELF = YES;
				CLANG_WARN_OBJC_LITERAL_CONVERSION = YES;
				CLANG_WARN_OBJC_ROOT_CLASS = YES_ERROR;
				CLANG_WARN_QUOTED_INCLUDE_IN_FRAMEWORK_HEADER = YES;
				CLANG_WARN_RANGE_LOOP_ANALYSIS = YES;
				CLANG_WARN_STRICT_PROTOTYPES = YES;
				CLANG_WARN_SUSPICIOUS_MOVE = YES;
				CLANG_WARN_UNGUARDED_AVAILABILITY = YES_AGGRESSIVE;
				CLANG_WARN_UNREACHABLE_CODE = YES;
				CLANG_WARN__DUPLICATE_METHOD_MATCH = YES;
				COPY_PHASE_STRIP = NO;
				DEBUG_INFORMATION_FORMAT = "dwarf-with-dsym";
				ENABLE_STRICT_OBJC_MSGSEND = YES;
				ENABLE_TESTABILITY = YES;
				GCC_C_LANGUAGE_STANDARD = gnu11;
				GCC_DYNAMIC_NO_PIC = NO;
				GCC_NO_COMMON_BLOCKS = YES;
				GCC_OPTIMIZATION_LEVEL = 0;
				GCC_PREPROCESSOR_DEFINITIONS = (
					"DEBUG=1",
					"$(inherited)",
				);
				GCC_WARN_64_TO_32_BIT_CONVERSION = YES;
				GCC_WARN_ABOUT_RETURN_TYPE = YES_ERROR;
				GCC_WARN_UNDECLARED_SELECTOR = YES;
				GCC_WARN_UNINITIALIZED_AUTOS = YES_AGGRESSIVE;
				GCC_WARN_UNUSED_FUNCTION = YES;
				GCC_WARN_UNUSED_VARIABLE = YES;
				IPHONEOS_DEPLOYMENT_TARGET = 14.1;
				MTL_ENABLE_DEBUG_INFO = INCLUDE_SOURCE;
				MTL_FAST_MATH = YES;
				ONLY_ACTIVE_ARCH = YES;
				SDKROOT = iphoneos;
				SWIFT_ACTIVE_COMPILATION_CONDITIONS = DEBUG;
				SWIFT_OPTIMIZATION_LEVEL = "-Onone";
			};
			name = Debug;
		};
		7555FFA4242A565B00829871 /* Release */ = {
			isa = XCBuildConfiguration;
			buildSettings = {
				ALWAYS_SEARCH_USER_PATHS = NO;
				CLANG_ANALYZER_NONNULL = YES;
				CLANG_ANALYZER_NUMBER_OBJECT_CONVERSION = YES_AGGRESSIVE;
				CLANG_CXX_LANGUAGE_STANDARD = "gnu++14";
				CLANG_CXX_LIBRARY = "libc++";
				CLANG_ENABLE_MODULES = YES;
				CLANG_ENABLE_OBJC_ARC = YES;
				CLANG_ENABLE_OBJC_WEAK = YES;
				CLANG_WARN_BLOCK_CAPTURE_AUTORELEASING = YES;
				CLANG_WARN_BOOL_CONVERSION = YES;
				CLANG_WARN_COMMA = YES;
				CLANG_WARN_CONSTANT_CONVERSION = YES;
				CLANG_WARN_DEPRECATED_OBJC_IMPLEMENTATIONS = YES;
				CLANG_WARN_DIRECT_OBJC_ISA_USAGE = YES_ERROR;
				CLANG_WARN_DOCUMENTATION_COMMENTS = YES;
				CLANG_WARN_EMPTY_BODY = YES;
				CLANG_WARN_ENUM_CONVERSION = YES;
				CLANG_WARN_INFINITE_RECURSION = YES;
				CLANG_WARN_INT_CONVERSION = YES;
				CLANG_WARN_NON_LITERAL_NULL_CONVERSION = YES;
				CLANG_WARN_OBJC_IMPLICIT_RETAIN_SELF = YES;
				CLANG_WARN_OBJC_LITERAL_CONVERSION = YES;
				CLANG_WARN_OBJC_ROOT_CLASS = YES_ERROR;
				CLANG_WARN_QUOTED_INCLUDE_IN_FRAMEWORK_HEADER = YES;
				CLANG_WARN_RANGE_LOOP_ANALYSIS = YES;
				CLANG_WARN_STRICT_PROTOTYPES = YES;
				CLANG_WARN_SUSPICIOUS_MOVE = YES;
				CLANG_WARN_UNGUARDED_AVAILABILITY = YES_AGGRESSIVE;
				CLANG_WARN_UNREACHABLE_CODE = YES;
				CLANG_WARN__DUPLICATE_METHOD_MATCH = YES;
				COPY_PHASE_STRIP = NO;
				DEBUG_INFORMATION_FORMAT = "dwarf-with-dsym";
				ENABLE_NS_ASSERTIONS = NO;
				ENABLE_STRICT_OBJC_MSGSEND = YES;
				GCC_C_LANGUAGE_STANDARD = gnu11;
				GCC_NO_COMMON_BLOCKS = YES;
				GCC_WARN_64_TO_32_BIT_CONVERSION = YES;
				GCC_WARN_ABOUT_RETURN_TYPE = YES_ERROR;
				GCC_WARN_UNDECLARED_SELECTOR = YES;
				GCC_WARN_UNINITIALIZED_AUTOS = YES_AGGRESSIVE;
				GCC_WARN_UNUSED_FUNCTION = YES;
				GCC_WARN_UNUSED_VARIABLE = YES;
				IPHONEOS_DEPLOYMENT_TARGET = 14.1;
				MTL_ENABLE_DEBUG_INFO = NO;
				MTL_FAST_MATH = YES;
				SDKROOT = iphoneos;
				SWIFT_COMPILATION_MODE = wholemodule;
				SWIFT_OPTIMIZATION_LEVEL = "-O";
				VALIDATE_PRODUCT = YES;
			};
			name = Release;
		};
		7555FFA6242A565B00829871 /* Debug */ = {
			isa = XCBuildConfiguration;
			baseConfigurationReference = BE5FD14B374614B8C85BE015 /* Pods-iosApp.debug.xcconfig */;
			buildSettings = {
				ASSETCATALOG_COMPILER_ALTERNATE_APPICON_NAMES = Media;
				ASSETCATALOG_COMPILER_APPICON_NAME = AppIcon;
				ASSETCATALOG_COMPILER_INCLUDE_ALL_APPICON_ASSETS = YES;
				CLANG_ENABLE_MODULES = YES;
				CLANG_WARN__ARC_BRIDGE_CAST_NONARC = YES;
				CODE_SIGN_STYLE = Automatic;
				DEVELOPMENT_TEAM = 6N53WC3364;
				ENABLE_PREVIEWS = YES;
				INFOPLIST_FILE = iosApp/Info.plist;
				LD_RUNPATH_SEARCH_PATHS = (
					"$(inherited)",
					"@executable_path/Frameworks",
				);
				PRODUCT_BUNDLE_IDENTIFIER = org.gregzenkov.iosApp;
				PRODUCT_NAME = "$(TARGET_NAME)";
				SWIFT_OPTIMIZATION_LEVEL = "-Onone";
				SWIFT_VERSION = 5.0;
				TARGETED_DEVICE_FAMILY = "1,2";
			};
			name = Debug;
		};
		7555FFA7242A565B00829871 /* Release */ = {
			isa = XCBuildConfiguration;
			baseConfigurationReference = 975469901181E61DA855F4A8 /* Pods-iosApp.release.xcconfig */;
			buildSettings = {
				ASSETCATALOG_COMPILER_ALTERNATE_APPICON_NAMES = Media;
				ASSETCATALOG_COMPILER_APPICON_NAME = AppIcon;
				ASSETCATALOG_COMPILER_INCLUDE_ALL_APPICON_ASSETS = YES;
				CLANG_ENABLE_MODULES = YES;
				CLANG_WARN__ARC_BRIDGE_CAST_NONARC = YES;
				CODE_SIGN_STYLE = Automatic;
				DEVELOPMENT_TEAM = 6N53WC3364;
				ENABLE_PREVIEWS = YES;
				INFOPLIST_FILE = iosApp/Info.plist;
				LD_RUNPATH_SEARCH_PATHS = (
					"$(inherited)",
					"@executable_path/Frameworks",
				);
				PRODUCT_BUNDLE_IDENTIFIER = org.gregzenkov.iosApp;
				PRODUCT_NAME = "$(TARGET_NAME)";
				SWIFT_VERSION = 5.0;
				TARGETED_DEVICE_FAMILY = "1,2";
			};
			name = Release;
		};
/* End XCBuildConfiguration section */

/* Begin XCConfigurationList section */
		7555FF76242A565900829871 /* Build configuration list for PBXProject "iosApp" */ = {
			isa = XCConfigurationList;
			buildConfigurations = (
				7555FFA3242A565B00829871 /* Debug */,
				7555FFA4242A565B00829871 /* Release */,
			);
			defaultConfigurationIsVisible = 0;
			defaultConfigurationName = Release;
		};
		7555FFA5242A565B00829871 /* Build configuration list for PBXNativeTarget "iosApp" */ = {
			isa = XCConfigurationList;
			buildConfigurations = (
				7555FFA6242A565B00829871 /* Debug */,
				7555FFA7242A565B00829871 /* Release */,
			);
			defaultConfigurationIsVisible = 0;
			defaultConfigurationName = Release;
		};
/* End XCConfigurationList section */
	};
	rootObject = 7555FF73242A565900829871 /* Project object */;
}
